// !$*UTF8*$!
{
	archiveVersion = 1;
	classes = {
	};
	objectVersion = 55;
	objects = {

/* Begin PBXBuildFile section */
		F073AF2228D016AD00603C13 /* kindpng_1813878.png in Resources */ = {isa = PBXBuildFile; fileRef = F073AF2128D016AD00603C13 /* kindpng_1813878.png */; };
		F0C30D0F28CD778F0011FEA0 /* AppDelegate.swift in Sources */ = {isa = PBXBuildFile; fileRef = F0C30D0E28CD778F0011FEA0 /* AppDelegate.swift */; };
		F0C30D1128CD778F0011FEA0 /* SceneDelegate.swift in Sources */ = {isa = PBXBuildFile; fileRef = F0C30D1028CD778F0011FEA0 /* SceneDelegate.swift */; };
		F0C30D1328CD778F0011FEA0 /* ViewController.swift in Sources */ = {isa = PBXBuildFile; fileRef = F0C30D1228CD778F0011FEA0 /* ViewController.swift */; };
		F0C30D1628CD778F0011FEA0 /* Main.storyboard in Resources */ = {isa = PBXBuildFile; fileRef = F0C30D1428CD778F0011FEA0 /* Main.storyboard */; };
		F0C30D1828CD77920011FEA0 /* Assets.xcassets in Resources */ = {isa = PBXBuildFile; fileRef = F0C30D1728CD77920011FEA0 /* Assets.xcassets */; };
		F0C30D1B28CD77920011FEA0 /* LaunchScreen.storyboard in Resources */ = {isa = PBXBuildFile; fileRef = F0C30D1928CD77920011FEA0 /* LaunchScreen.storyboard */; };
		F0C30D2328CD77D90011FEA0 /* Auto.swift in Sources */ = {isa = PBXBuildFile; fileRef = F0C30D2228CD77D90011FEA0 /* Auto.swift */; };
/* End PBXBuildFile section */

/* Begin PBXFileReference section */
		F073AF2128D016AD00603C13 /* kindpng_1813878.png */ = {isa = PBXFileReference; lastKnownFileType = image.png; name = kindpng_1813878.png; path = ../../../Downloads/kindpng_1813878.png; sourceTree = "<group>"; };
		F0C30D0B28CD778F0011FEA0 /* Semana03-2022-2.app */ = {isa = PBXFileReference; explicitFileType = wrapper.application; includeInIndex = 0; path = "Semana03-2022-2.app"; sourceTree = BUILT_PRODUCTS_DIR; };
		F0C30D0E28CD778F0011FEA0 /* AppDelegate.swift */ = {isa = PBXFileReference; lastKnownFileType = sourcecode.swift; path = AppDelegate.swift; sourceTree = "<group>"; };
		F0C30D1028CD778F0011FEA0 /* SceneDelegate.swift */ = {isa = PBXFileReference; lastKnownFileType = sourcecode.swift; path = SceneDelegate.swift; sourceTree = "<group>"; };
		F0C30D1228CD778F0011FEA0 /* ViewController.swift */ = {isa = PBXFileReference; lastKnownFileType = sourcecode.swift; path = ViewController.swift; sourceTree = "<group>"; };
		F0C30D1528CD778F0011FEA0 /* Base */ = {isa = PBXFileReference; lastKnownFileType = file.storyboard; name = Base; path = Base.lproj/Main.storyboard; sourceTree = "<group>"; };
		F0C30D1728CD77920011FEA0 /* Assets.xcassets */ = {isa = PBXFileReference; lastKnownFileType = folder.assetcatalog; path = Assets.xcassets; sourceTree = "<group>"; };
		F0C30D1A28CD77920011FEA0 /* Base */ = {isa = PBXFileReference; lastKnownFileType = file.storyboard; name = Base; path = Base.lproj/LaunchScreen.storyboard; sourceTree = "<group>"; };
		F0C30D1C28CD77920011FEA0 /* Info.plist */ = {isa = PBXFileReference; lastKnownFileType = text.plist.xml; path = Info.plist; sourceTree = "<group>"; };
		F0C30D2228CD77D90011FEA0 /* Auto.swift */ = {isa = PBXFileReference; lastKnownFileType = sourcecode.swift; path = Auto.swift; sourceTree = "<group>"; };
/* End PBXFileReference section */

/* Begin PBXFrameworksBuildPhase section */
		F0C30D0828CD778F0011FEA0 /* Frameworks */ = {
			isa = PBXFrameworksBuildPhase;
			buildActionMask = 2147483647;
			files = (
			);
			runOnlyForDeploymentPostprocessing = 0;
		};
/* End PBXFrameworksBuildPhase section */

/* Begin PBXGroup section */
		F0C30D0228CD778F0011FEA0 = {
			isa = PBXGroup;
			children = (
				F0C30D0D28CD778F0011FEA0 /* Semana03-2022-2 */,
				F0C30D0C28CD778F0011FEA0 /* Products */,
			);
			sourceTree = "<group>";
		};
		F0C30D0C28CD778F0011FEA0 /* Products */ = {
			isa = PBXGroup;
			children = (
				F0C30D0B28CD778F0011FEA0 /* Semana03-2022-2.app */,
			);
			name = Products;
			sourceTree = "<group>";
		};
		F0C30D0D28CD778F0011FEA0 /* Semana03-2022-2 */ = {
			isa = PBXGroup;
			children = (
				F0C30D0E28CD778F0011FEA0 /* AppDelegate.swift */,
				F0C30D1028CD778F0011FEA0 /* SceneDelegate.swift */,
				F0C30D1228CD778F0011FEA0 /* ViewController.swift */,
				F0C30D1428CD778F0011FEA0 /* Main.storyboard */,
				F0C30D1728CD77920011FEA0 /* Assets.xcassets */,
				F0C30D1928CD77920011FEA0 /* LaunchScreen.storyboard */,
				F0C30D1C28CD77920011FEA0 /* Info.plist */,
				F0C30D2228CD77D90011FEA0 /* Auto.swift */,
				F073AF2128D016AD00603C13 /* kindpng_1813878.png */,
			);
			path = "Semana03-2022-2";
			sourceTree = "<group>";
		};
/* End PBXGroup section */

/* Begin PBXNativeTarget section */
		F0C30D0A28CD778F0011FEA0 /* Semana03-2022-2 */ = {
			isa = PBXNativeTarget;
			buildConfigurationList = F0C30D1F28CD77920011FEA0 /* Build configuration list for PBXNativeTarget "Semana03-2022-2" */;
			buildPhases = (
				F0C30D0728CD778F0011FEA0 /* Sources */,
				F0C30D0828CD778F0011FEA0 /* Frameworks */,
				F0C30D0928CD778F0011FEA0 /* Resources */,
			);
			buildRules = (
			);
			dependencies = (
			);
			name = "Semana03-2022-2";
			productName = "Semana03-2022-2";
			productReference = F0C30D0B28CD778F0011FEA0 /* Semana03-2022-2.app */;
			productType = "com.apple.product-type.application";
		};
/* End PBXNativeTarget section */

/* Begin PBXProject section */
		F0C30D0328CD778F0011FEA0 /* Project object */ = {
			isa = PBXProject;
			attributes = {
				BuildIndependentTargetsInParallel = 1;
				LastSwiftUpdateCheck = 1340;
				LastUpgradeCheck = 1340;
				TargetAttributes = {
					F0C30D0A28CD778F0011FEA0 = {
						CreatedOnToolsVersion = 13.4.1;
					};
				};
			};
			buildConfigurationList = F0C30D0628CD778F0011FEA0 /* Build configuration list for PBXProject "Semana03-2022-2" */;
			compatibilityVersion = "Xcode 13.0";
			developmentRegion = en;
			hasScannedForEncodings = 0;
			knownRegions = (
				en,
				Base,
			);
			mainGroup = F0C30D0228CD778F0011FEA0;
			productRefGroup = F0C30D0C28CD778F0011FEA0 /* Products */;
			projectDirPath = "";
			projectRoot = "";
			targets = (
				F0C30D0A28CD778F0011FEA0 /* Semana03-2022-2 */,
			);
		};
/* End PBXProject section */

/* Begin PBXResourcesBuildPhase section */
		F0C30D0928CD778F0011FEA0 /* Resources */ = {
			isa = PBXResourcesBuildPhase;
			buildActionMask = 2147483647;
			files = (
				F073AF2228D016AD00603C13 /* kindpng_1813878.png in Resources */,
				F0C30D1B28CD77920011FEA0 /* LaunchScreen.storyboard in Resources */,
				F0C30D1828CD77920011FEA0 /* Assets.xcassets in Resources */,
				F0C30D1628CD778F0011FEA0 /* Main.storyboard in Resources */,
			);
			runOnlyForDeploymentPostprocessing = 0;
		};
/* End PBXResourcesBuildPhase section */

/* Begin PBXSourcesBuildPhase section */
		F0C30D0728CD778F0011FEA0 /* Sources */ = {
			isa = PBXSourcesBuildPhase;
			buildActionMask = 2147483647;
			files = (
				F0C30D1328CD778F0011FEA0 /* ViewController.swift in Sources */,
				F0C30D0F28CD778F0011FEA0 /* AppDelegate.swift in Sources */,
				F0C30D2328CD77D90011FEA0 /* Auto.swift in Sources */,
				F0C30D1128CD778F0011FEA0 /* SceneDelegate.swift in Sources */,
			);
			runOnlyForDeploymentPostprocessing = 0;
		};
/* End PBXSourcesBuildPhase section */

/* Begin PBXVariantGroup section */
		F0C30D1428CD778F0011FEA0 /* Main.storyboard */ = {
			isa = PBXVariantGroup;
			children = (
				F0C30D1528CD778F0011FEA0 /* Base */,
			);
			name = Main.storyboard;
			sourceTree = "<group>";
		};
		F0C30D1928CD77920011FEA0 /* LaunchScreen.storyboard */ = {
			isa = PBXVariantGroup;
			children = (
				F0C30D1A28CD77920011FEA0 /* Base */,
			);
			name = LaunchScreen.storyboard;
			sourceTree = "<group>";
		};
/* End PBXVariantGroup section */

/* Begin XCBuildConfiguration section */
		F0C30D1D28CD77920011FEA0 /* Debug */ = {
			isa = XCBuildConfiguration;
			buildSettings = {
				ALWAYS_SEARCH_USER_PATHS = NO;
				CLANG_ANALYZER_NONNULL = YES;
				CLANG_ANALYZER_NUMBER_OBJECT_CONVERSION = YES_AGGRESSIVE;
				CLANG_CXX_LANGUAGE_STANDARD = "gnu++17";
				CLANG_ENABLE_MODULES = YES;
				CLANG_ENABLE_OBJC_ARC = YES;
				CLANG_ENABLE_OBJC_WEAK = YES;
				CLANG_WARN_BLOCK_CAPTURE_AUTORELEASING = YES;
				CLANG_WARN_BOOL_CONVERSION = YES;
				CLANG_WARN_COMMA = YES;
				CLANG_WARN_CONSTANT_CONVERSION = YES;
				CLANG_WARN_DEPRECATED_OBJC_IMPLEMENTATIONS = YES;
				CLANG_WARN_DIRECT_OBJC_ISA_USAGE = YES_ERROR;
				CLANG_WARN_DOCUMENTATION_COMMENTS = YES;
				CLANG_WARN_EMPTY_BODY = YES;
				CLANG_WARN_ENUM_CONVERSION = YES;
				CLANG_WARN_INFINITE_RECURSION = YES;
				CLANG_WARN_INT_CONVERSION = YES;
				CLANG_WARN_NON_LITERAL_NULL_CONVERSION = YES;
				CLANG_WARN_OBJC_IMPLICIT_RETAIN_SELF = YES;
				CLANG_WARN_OBJC_LITERAL_CONVERSION = YES;
				CLANG_WARN_OBJC_ROOT_CLASS = YES_ERROR;
				CLANG_WARN_QUOTED_INCLUDE_IN_FRAMEWORK_HEADER = YES;
				CLANG_WARN_RANGE_LOOP_ANALYSIS = YES;
				CLANG_WARN_STRICT_PROTOTYPES = YES;
				CLANG_WARN_SUSPICIOUS_MOVE = YES;
				CLANG_WARN_UNGUARDED_AVAILABILITY = YES_AGGRESSIVE;
				CLANG_WARN_UNREACHABLE_CODE = YES;
				CLANG_WARN__DUPLICATE_METHOD_MATCH = YES;
				COPY_PHASE_STRIP = NO;
				DEBUG_INFORMATION_FORMAT = dwarf;
				ENABLE_STRICT_OBJC_MSGSEND = YES;
				ENABLE_TESTABILITY = YES;
				GCC_C_LANGUAGE_STANDARD = gnu11;
				GCC_DYNAMIC_NO_PIC = NO;
				GCC_NO_COMMON_BLOCKS = YES;
				GCC_OPTIMIZATION_LEVEL = 0;
				GCC_PREPROCESSOR_DEFINITIONS = (
					"DEBUG=1",
					"$(inherited)",
				);
				GCC_WARN_64_TO_32_BIT_CONVERSION = YES;
				GCC_WARN_ABOUT_RETURN_TYPE = YES_ERROR;
				GCC_WARN_UNDECLARED_SELECTOR = YES;
				GCC_WARN_UNINITIALIZED_AUTOS = YES_AGGRESSIVE;
				GCC_WARN_UNUSED_FUNCTION = YES;
				GCC_WARN_UNUSED_VARIABLE = YES;
				IPHONEOS_DEPLOYMENT_TARGET = 15.5;
				MTL_ENABLE_DEBUG_INFO = INCLUDE_SOURCE;
				MTL_FAST_MATH = YES;
				ONLY_ACTIVE_ARCH = YES;
				SDKROOT = iphoneos;
				SWIFT_ACTIVE_COMPILATION_CONDITIONS = DEBUG;
				SWIFT_OPTIMIZATION_LEVEL = "-Onone";
			};
			name = Debug;
		};
		F0C30D1E28CD77920011FEA0 /* Release */ = {
			isa = XCBuildConfiguration;
			buildSettings = {
				ALWAYS_SEARCH_USER_PATHS = NO;
				CLANG_ANALYZER_NONNULL = YES;
				CLANG_ANALYZER_NUMBER_OBJECT_CONVERSION = YES_AGGRESSIVE;
				CLANG_CXX_LANGUAGE_STANDARD = "gnu++17";
				CLANG_ENABLE_MODULES = YES;
				CLANG_ENABLE_OBJC_ARC = YES;
				CLANG_ENABLE_OBJC_WEAK = YES;
				CLANG_WARN_BLOCK_CAPTURE_AUTORELEASING = YES;
				CLANG_WARN_BOOL_CONVERSION = YES;
				CLANG_WARN_COMMA = YES;
				CLANG_WARN_CONSTANT_CONVERSION = YES;
				CLANG_WARN_DEPRECATED_OBJC_IMPLEMENTATIONS = YES;
				CLANG_WARN_DIRECT_OBJC_ISA_USAGE = YES_ERROR;
				CLANG_WARN_DOCUMENTATION_COMMENTS = YES;
				CLANG_WARN_EMPTY_BODY = YES;
				CLANG_WARN_ENUM_CONVERSION = YES;
				CLANG_WARN_INFINITE_RECURSION = YES;
				CLANG_WARN_INT_CONVERSION = YES;
				CLANG_WARN_NON_LITERAL_NULL_CONVERSION = YES;
				CLANG_WARN_OBJC_IMPLICIT_RETAIN_SELF = YES;
				CLANG_WARN_OBJC_LITERAL_CONVERSION = YES;
				CLANG_WARN_OBJC_ROOT_CLASS = YES_ERROR;
				CLANG_WARN_QUOTED_INCLUDE_IN_FRAMEWORK_HEADER = YES;
				CLANG_WARN_RANGE_LOOP_ANALYSIS = YES;
				CLANG_WARN_STRICT_PROTOTYPES = YES;
				CLANG_WARN_SUSPICIOUS_MOVE = YES;
				CLANG_WARN_UNGUARDED_AVAILABILITY = YES_AGGRESSIVE;
				CLANG_WARN_UNREACHABLE_CODE = YES;
				CLANG_WARN__DUPLICATE_METHOD_MATCH = YES;
				COPY_PHASE_STRIP = NO;
				DEBUG_INFORMATION_FORMAT = "dwarf-with-dsym";
				ENABLE_NS_ASSERTIONS = NO;
				ENABLE_STRICT_OBJC_MSGSEND = YES;
				GCC_C_LANGUAGE_STANDARD = gnu11;
				GCC_NO_COMMON_BLOCKS = YES;
				GCC_WARN_64_TO_32_BIT_CONVERSION = YES;
				GCC_WARN_ABOUT_RETURN_TYPE = YES_ERROR;
				GCC_WARN_UNDECLARED_SELECTOR = YES;
				GCC_WARN_UNINITIALIZED_AUTOS = YES_AGGRESSIVE;
				GCC_WARN_UNUSED_FUNCTION = YES;
				GCC_WARN_UNUSED_VARIABLE = YES;
				IPHONEOS_DEPLOYMENT_TARGET = 15.5;
				MTL_ENABLE_DEBUG_INFO = NO;
				MTL_FAST_MATH = YES;
				SDKROOT = iphoneos;
				SWIFT_COMPILATION_MODE = wholemodule;
				SWIFT_OPTIMIZATION_LEVEL = "-O";
				VALIDATE_PRODUCT = YES;
			};
			name = Release;
		};
		F0C30D2028CD77920011FEA0 /* Debug */ = {
			isa = XCBuildConfiguration;
			buildSettings = {
				ASSETCATALOG_COMPILER_APPICON_NAME = AppIcon;
				ASSETCATALOG_COMPILER_GLOBAL_ACCENT_COLOR_NAME = AccentColor;
				CODE_SIGN_STYLE = Automatic;
				CURRENT_PROJECT_VERSION = 1;
				GENERATE_INFOPLIST_FILE = YES;
				INFOPLIST_FILE = "Semana03-2022-2/Info.plist";
				INFOPLIST_KEY_UIApplicationSupportsIndirectInputEvents = YES;
				INFOPLIST_KEY_UILaunchStoryboardName = LaunchScreen;
				INFOPLIST_KEY_UIMainStoryboardFile = Main;
				INFOPLIST_KEY_UISupportedInterfaceOrientations_iPad = "UIInterfaceOrientationPortrait UIInterfaceOrientationPortraitUpsideDown UIInterfaceOrientationLandscapeLeft UIInterfaceOrientationLandscapeRight";
				INFOPLIST_KEY_UISupportedInterfaceOrientations_iPhone = "UIInterfaceOrientationPortrait UIInterfaceOrientationLandscapeLeft UIInterfaceOrientationLandscapeRight";
				LD_RUNPATH_SEARCH_PATHS = (
					"$(inherited)",
					"@executable_path/Frameworks",
				);
				MARKETING_VERSION = 1.0;
				PRODUCT_BUNDLE_IDENTIFIER = "com.tecsup.Semana03-2022-2";
				PRODUCT_NAME = "$(TARGET_NAME)";
				SWIFT_EMIT_LOC_STRINGS = YES;
				SWIFT_VERSION = 5.0;
				TARGETED_DEVICE_FAMILY = "1,2";
			};
			name = Debug;
		};
		F0C30D2128CD77920011FEA0 /* Release */ = {
			isa = XCBuildConfiguration;
			buildSettings = {
				ASSETCATALOG_COMPILER_APPICON_NAME = AppIcon;
				ASSETCATALOG_COMPILER_GLOBAL_ACCENT_COLOR_NAME = AccentColor;
				CODE_SIGN_STYLE = Automatic;
				CURRENT_PROJECT_VERSION = 1;
				GENERATE_INFOPLIST_FILE = YES;
				INFOPLIST_FILE = "Semana03-2022-2/Info.plist";
				INFOPLIST_KEY_UIApplicationSupportsIndirectInputEvents = YES;
				INFOPLIST_KEY_UILaunchStoryboardName = LaunchScreen;
				INFOPLIST_KEY_UIMainStoryboardFile = Main;
				INFOPLIST_KEY_UISupportedInterfaceOrientations_iPad = "UIInterfaceOrientationPortrait UIInterfaceOrientationPortraitUpsideDown UIInterfaceOrientationLandscapeLeft UIInterfaceOrientationLandscapeRight";
				INFOPLIST_KEY_UISupportedInterfaceOrientations_iPhone = "UIInterfaceOrientationPortrait UIInterfaceOrientationLandscapeLeft UIInterfaceOrientationLandscapeRight";
				LD_RUNPATH_SEARCH_PATHS = (
					"$(inherited)",
					"@executable_path/Frameworks",
				);
				MARKETING_VERSION = 1.0;
				PRODUCT_BUNDLE_IDENTIFIER = "com.tecsup.Semana03-2022-2";
				PRODUCT_NAME = "$(TARGET_NAME)";
				SWIFT_EMIT_LOC_STRINGS = YES;
				SWIFT_VERSION = 5.0;
				TARGETED_DEVICE_FAMILY = "1,2";
			};
			name = Release;
		};
/* End XCBuildConfiguration section */

/* Begin XCConfigurationList section */
		F0C30D0628CD778F0011FEA0 /* Build configuration list for PBXProject "Semana03-2022-2" */ = {
			isa = XCConfigurationList;
			buildConfigurations = (
				F0C30D1D28CD77920011FEA0 /* Debug */,
				F0C30D1E28CD77920011FEA0 /* Release */,
			);
			defaultConfigurationIsVisible = 0;
			defaultConfigurationName = Release;
		};
		F0C30D1F28CD77920011FEA0 /* Build configuration list for PBXNativeTarget "Semana03-2022-2" */ = {
			isa = XCConfigurationList;
			buildConfigurations = (
				F0C30D2028CD77920011FEA0 /* Debug */,
				F0C30D2128CD77920011FEA0 /* Release */,
			);
			defaultConfigurationIsVisible = 0;
			defaultConfigurationName = Release;
		};
/* End XCConfigurationList section */
	};
	rootObject = F0C30D0328CD778F0011FEA0 /* Project object */;
}
